
Microsoft Visual Studio Solution File, Format Version 12.00
# Visual Studio Version 17
VisualStudioVersion = 17.14.36310.24 d17.14
MinimumVisualStudioVersion = 10.0.40219.1
Project("{FAE04EC0-301F-11D3-BF4B-00C04F79EFBC}") = "ConsoleAppKaveri", "ConsoleAppKaveri\ConsoleAppKaveri.csproj", "{AC34F9F2-CEF9-4172-A835-26D5B741B326}"
EndProject
Global
	GlobalSection(SolutionConfigurationPlatforms) = preSolution
		Debug|Any CPU = Debug|Any CPU
		Release|Any CPU = Release|Any CPU
	EndGlobalSection
	GlobalSection(ProjectConfigurationPlatforms) = postSolution
		{AC34F9F2-CEF9-4172-A835-26D5B741B326}.Debug|Any CPU.ActiveCfg = Debug|Any CPU
		{AC34F9F2-CEF9-4172-A835-26D5B741B326}.Debug|Any CPU.Build.0 = Debug|Any CPU
		{AC34F9F2-CEF9-4172-A835-26D5B741B326}.Release|Any CPU.ActiveCfg = Release|Any CPU
		{AC34F9F2-CEF9-4172-A835-26D5B741B326}.Release|Any CPU.Build.0 = Release|Any CPU
	EndGlobalSection
	GlobalSection(SolutionProperties) = preSolution
		HideSolutionNode = FALSE
	EndGlobalSection
	GlobalSection(ExtensibilityGlobals) = postSolution
		SolutionGuid = {0BE2664E-B85A-4D68-B789-9A7E8B86AFD5}
	EndGlobalSection
EndGlobal
